
Microsoft Visual Studio Solution File, Format Version 12.00
# Visual Studio Version 17
VisualStudioVersion = 17.5.001.0
MinimumVisualStudioVersion = 10.0.40219.1
Project("{9A19103F-16F7-4668-BE54-9A1E7A4F7556}") = "Poker", "Poker.csproj", "{B9EAD0F7-F081-49A3-B8EB-1856AAE518CB}"
EndProject
Global
	GlobalSection(SolutionConfigurationPlatforms) = preSolution
		Debug|Any CPU = Debug|Any CPU
		Release|Any CPU = Release|Any CPU
	EndGlobalSection
	GlobalSection(ProjectConfigurationPlatforms) = postSolution
		{B9EAD0F7-F081-49A3-B8EB-1856AAE518CB}.Debug|Any CPU.ActiveCfg = Debug|Any CPU
		{B9EAD0F7-F081-49A3-B8EB-1856AAE518CB}.Debug|Any CPU.Build.0 = Debug|Any CPU
		{B9EAD0F7-F081-49A3-B8EB-1856AAE518CB}.Release|Any CPU.ActiveCfg = Release|Any CPU
		{B9EAD0F7-F081-49A3-B8EB-1856AAE518CB}.Release|Any CPU.Build.0 = Release|Any CPU
	EndGlobalSection
	GlobalSection(SolutionProperties) = preSolution
		HideSolutionNode = FALSE
	EndGlobalSection
	GlobalSection(ExtensibilityGlobals) = postSolution
		SolutionGuid = {61807735-F492-492D-BD75-F72445D64417}
	EndGlobalSection
EndGlobal
